
Microsoft Visual Studio Solution File, Format Version 12.00
# Visual Studio Version 16
VisualStudioVersion = 16.0.31829.152
MinimumVisualStudioVersion = 10.0.40219.1
Project("{9A19103F-16F7-4668-BE54-9A1E7A4F7556}") = "1zad", "1zad\1zad.csproj", "{FFCB7EE9-303B-471E-9896-2B8412C35183}"
EndProject
Project("{9A19103F-16F7-4668-BE54-9A1E7A4F7556}") = "2zad", "2zad\2zad.csproj", "{3FF35DE6-8CFF-4E0A-86F9-F242453A8A02}"
EndProject
Project("{9A19103F-16F7-4668-BE54-9A1E7A4F7556}") = "3zad", "3zad\3zad.csproj", "{3C6C4A20-ECBC-46E7-85BB-2CE21E0047BA}"
EndProject
Project("{9A19103F-16F7-4668-BE54-9A1E7A4F7556}") = "3.1School", "3.1School\3.1School.csproj", "{60172CF7-349F-4895-8F37-CA2098DF6CFA}"
EndProject
Project("{9A19103F-16F7-4668-BE54-9A1E7A4F7556}") = "6zad", "6zad\6zad.csproj", "{0761CF28-8D26-413D-B0A9-C85EBB44B8CB}"
EndProject
Project("{9A19103F-16F7-4668-BE54-9A1E7A4F7556}") = "7zad", "7zad\7zad.csproj", "{0792F04F-3BF7-471E-A109-BF6923D27657}"
EndProject
Project("{9A19103F-16F7-4668-BE54-9A1E7A4F7556}") = "8zad", "8zad\8zad.csproj", "{5A33660B-72ED-40A3-AA38-2CE1508979C1}"
EndProject
Project("{9A19103F-16F7-4668-BE54-9A1E7A4F7556}") = "9zad", "9zad\9zad.csproj", "{1D5945C0-B807-4C3B-8D9F-F6C0BEFAED9C}"
EndProject
Project("{9A19103F-16F7-4668-BE54-9A1E7A4F7556}") = "10zad", "10zad\10zad.csproj", "{9998CDC1-BF7F-49DD-8280-E9F7EE13A51D}"
EndProject
Project("{9A19103F-16F7-4668-BE54-9A1E7A4F7556}") = "11zad", "11zad\11zad.csproj", "{72B43153-4C6E-4043-8BEC-CD73895F2972}"
EndProject
Project("{9A19103F-16F7-4668-BE54-9A1E7A4F7556}") = "12zad", "12zad\12zad.csproj", "{B660FFF2-B3B6-4E4B-AA67-796EB5F97B3E}"
EndProject
Project("{9A19103F-16F7-4668-BE54-9A1E7A4F7556}") = "13.2 zad", "13.2 zad\13.2 zad.csproj", "{89D1F2DD-87C2-4FAC-AA03-6145936248E6}"
EndProject
Project("{9A19103F-16F7-4668-BE54-9A1E7A4F7556}") = "14zad", "14zad\14zad.csproj", "{F5FBAB9E-FD75-41A4-8E90-6CE696B278AD}"
EndProject
Project("{9A19103F-16F7-4668-BE54-9A1E7A4F7556}") = "15zad", "15zad\15zad.csproj", "{B6947C8A-0169-4CC5-817E-065DA2CE11A7}"
EndProject
Project("{FAE04EC0-301F-11D3-BF4B-00C04F79EFBC}") = "1Book", "1Book\1Book.csproj", "{F93806BC-72E2-4F99-8439-B054ABCCCEE3}"
EndProject
Project("{FAE04EC0-301F-11D3-BF4B-00C04F79EFBC}") = "2Visit", "2Visit\2Visit.csproj", "{13F78107-F47C-44C2-A16A-13729C055527}"
EndProject
Global
	GlobalSection(SolutionConfigurationPlatforms) = preSolution
		Debug|Any CPU = Debug|Any CPU
		Release|Any CPU = Release|Any CPU
	EndGlobalSection
	GlobalSection(ProjectConfigurationPlatforms) = postSolution
		{FFCB7EE9-303B-471E-9896-2B8412C35183}.Debug|Any CPU.ActiveCfg = Debug|Any CPU
		{FFCB7EE9-303B-471E-9896-2B8412C35183}.Debug|Any CPU.Build.0 = Debug|Any CPU
		{FFCB7EE9-303B-471E-9896-2B8412C35183}.Release|Any CPU.ActiveCfg = Release|Any CPU
		{FFCB7EE9-303B-471E-9896-2B8412C35183}.Release|Any CPU.Build.0 = Release|Any CPU
		{3FF35DE6-8CFF-4E0A-86F9-F242453A8A02}.Debug|Any CPU.ActiveCfg = Debug|Any CPU
		{3FF35DE6-8CFF-4E0A-86F9-F242453A8A02}.Debug|Any CPU.Build.0 = Debug|Any CPU
		{3FF35DE6-8CFF-4E0A-86F9-F242453A8A02}.Release|Any CPU.ActiveCfg = Release|Any CPU
		{3FF35DE6-8CFF-4E0A-86F9-F242453A8A02}.Release|Any CPU.Build.0 = Release|Any CPU
		{3C6C4A20-ECBC-46E7-85BB-2CE21E0047BA}.Debug|Any CPU.ActiveCfg = Debug|Any CPU
		{3C6C4A20-ECBC-46E7-85BB-2CE21E0047BA}.Debug|Any CPU.Build.0 = Debug|Any CPU
		{3C6C4A20-ECBC-46E7-85BB-2CE21E0047BA}.Release|Any CPU.ActiveCfg = Release|Any CPU
		{3C6C4A20-ECBC-46E7-85BB-2CE21E0047BA}.Release|Any CPU.Build.0 = Release|Any CPU
		{60172CF7-349F-4895-8F37-CA2098DF6CFA}.Debug|Any CPU.ActiveCfg = Debug|Any CPU
		{60172CF7-349F-4895-8F37-CA2098DF6CFA}.Debug|Any CPU.Build.0 = Debug|Any CPU
		{60172CF7-349F-4895-8F37-CA2098DF6CFA}.Release|Any CPU.ActiveCfg = Release|Any CPU
		{60172CF7-349F-4895-8F37-CA2098DF6CFA}.Release|Any CPU.Build.0 = Release|Any CPU
		{0761CF28-8D26-413D-B0A9-C85EBB44B8CB}.Debug|Any CPU.ActiveCfg = Debug|Any CPU
		{0761CF28-8D26-413D-B0A9-C85EBB44B8CB}.Debug|Any CPU.Build.0 = Debug|Any CPU
		{0761CF28-8D26-413D-B0A9-C85EBB44B8CB}.Release|Any CPU.ActiveCfg = Release|Any CPU
		{0761CF28-8D26-413D-B0A9-C85EBB44B8CB}.Release|Any CPU.Build.0 = Release|Any CPU
		{0792F04F-3BF7-471E-A109-BF6923D27657}.Debug|Any CPU.ActiveCfg = Debug|Any CPU
		{0792F04F-3BF7-471E-A109-BF6923D27657}.Debug|Any CPU.Build.0 = Debug|Any CPU
		{0792F04F-3BF7-471E-A109-BF6923D27657}.Release|Any CPU.ActiveCfg = Release|Any CPU
		{0792F04F-3BF7-471E-A109-BF6923D27657}.Release|Any CPU.Build.0 = Release|Any CPU
		{5A33660B-72ED-40A3-AA38-2CE1508979C1}.Debug|Any CPU.ActiveCfg = Debug|Any CPU
		{5A33660B-72ED-40A3-AA38-2CE1508979C1}.Debug|Any CPU.Build.0 = Debug|Any CPU
		{5A33660B-72ED-40A3-AA38-2CE1508979C1}.Release|Any CPU.ActiveCfg = Release|Any CPU
		{5A33660B-72ED-40A3-AA38-2CE1508979C1}.Release|Any CPU.Build.0 = Release|Any CPU
		{1D5945C0-B807-4C3B-8D9F-F6C0BEFAED9C}.Debug|Any CPU.ActiveCfg = Debug|Any CPU
		{1D5945C0-B807-4C3B-8D9F-F6C0BEFAED9C}.Debug|Any CPU.Build.0 = Debug|Any CPU
		{1D5945C0-B807-4C3B-8D9F-F6C0BEFAED9C}.Release|Any CPU.ActiveCfg = Release|Any CPU
		{1D5945C0-B807-4C3B-8D9F-F6C0BEFAED9C}.Release|Any CPU.Build.0 = Release|Any CPU
		{9998CDC1-BF7F-49DD-8280-E9F7EE13A51D}.Debug|Any CPU.ActiveCfg = Debug|Any CPU
		{9998CDC1-BF7F-49DD-8280-E9F7EE13A51D}.Debug|Any CPU.Build.0 = Debug|Any CPU
		{9998CDC1-BF7F-49DD-8280-E9F7EE13A51D}.Release|Any CPU.ActiveCfg = Release|Any CPU
		{9998CDC1-BF7F-49DD-8280-E9F7EE13A51D}.Release|Any CPU.Build.0 = Release|Any CPU
		{72B43153-4C6E-4043-8BEC-CD73895F2972}.Debug|Any CPU.ActiveCfg = Debug|Any CPU
		{72B43153-4C6E-4043-8BEC-CD73895F2972}.Debug|Any CPU.Build.0 = Debug|Any CPU
		{72B43153-4C6E-4043-8BEC-CD73895F2972}.Release|Any CPU.ActiveCfg = Release|Any CPU
		{72B43153-4C6E-4043-8BEC-CD73895F2972}.Release|Any CPU.Build.0 = Release|Any CPU
		{B660FFF2-B3B6-4E4B-AA67-796EB5F97B3E}.Debug|Any CPU.ActiveCfg = Debug|Any CPU
		{B660FFF2-B3B6-4E4B-AA67-796EB5F97B3E}.Debug|Any CPU.Build.0 = Debug|Any CPU
		{B660FFF2-B3B6-4E4B-AA67-796EB5F97B3E}.Release|Any CPU.ActiveCfg = Release|Any CPU
		{B660FFF2-B3B6-4E4B-AA67-796EB5F97B3E}.Release|Any CPU.Build.0 = Release|Any CPU
		{89D1F2DD-87C2-4FAC-AA03-6145936248E6}.Debug|Any CPU.ActiveCfg = Debug|Any CPU
		{89D1F2DD-87C2-4FAC-AA03-6145936248E6}.Debug|Any CPU.Build.0 = Debug|Any CPU
		{89D1F2DD-87C2-4FAC-AA03-6145936248E6}.Release|Any CPU.ActiveCfg = Release|Any CPU
		{89D1F2DD-87C2-4FAC-AA03-6145936248E6}.Release|Any CPU.Build.0 = Release|Any CPU
		{F5FBAB9E-FD75-41A4-8E90-6CE696B278AD}.Debug|Any CPU.ActiveCfg = Debug|Any CPU
		{F5FBAB9E-FD75-41A4-8E90-6CE696B278AD}.Debug|Any CPU.Build.0 = Debug|Any CPU
		{F5FBAB9E-FD75-41A4-8E90-6CE696B278AD}.Release|Any CPU.ActiveCfg = Release|Any CPU
		{F5FBAB9E-FD75-41A4-8E90-6CE696B278AD}.Release|Any CPU.Build.0 = Release|Any CPU
		{B6947C8A-0169-4CC5-817E-065DA2CE11A7}.Debug|Any CPU.ActiveCfg = Debug|Any CPU
		{B6947C8A-0169-4CC5-817E-065DA2CE11A7}.Debug|Any CPU.Build.0 = Debug|Any CPU
		{B6947C8A-0169-4CC5-817E-065DA2CE11A7}.Release|Any CPU.ActiveCfg = Release|Any CPU
		{B6947C8A-0169-4CC5-817E-065DA2CE11A7}.Release|Any CPU.Build.0 = Release|Any CPU
		{F93806BC-72E2-4F99-8439-B054ABCCCEE3}.Debug|Any CPU.ActiveCfg = Debug|Any CPU
		{F93806BC-72E2-4F99-8439-B054ABCCCEE3}.Debug|Any CPU.Build.0 = Debug|Any CPU
		{F93806BC-72E2-4F99-8439-B054ABCCCEE3}.Release|Any CPU.ActiveCfg = Release|Any CPU
		{F93806BC-72E2-4F99-8439-B054ABCCCEE3}.Release|Any CPU.Build.0 = Release|Any CPU
		{13F78107-F47C-44C2-A16A-13729C055527}.Debug|Any CPU.ActiveCfg = Debug|Any CPU
		{13F78107-F47C-44C2-A16A-13729C055527}.Debug|Any CPU.Build.0 = Debug|Any CPU
		{13F78107-F47C-44C2-A16A-13729C055527}.Release|Any CPU.ActiveCfg = Release|Any CPU
		{13F78107-F47C-44C2-A16A-13729C055527}.Release|Any CPU.Build.0 = Release|Any CPU
	EndGlobalSection
	GlobalSection(SolutionProperties) = preSolution
		HideSolutionNode = FALSE
	EndGlobalSection
	GlobalSection(ExtensibilityGlobals) = postSolution
		SolutionGuid = {059AE26B-1015-40B0-A9D1-617BC7F01125}
	EndGlobalSection
EndGlobal
